// !$*UTF8*$!
{
	archiveVersion = 1;
	classes = {
	};
	objectVersion = 55;
	objects = {

/* Begin PBXBuildFile section */
		345FE15E271622DD005D8B05 /* AppDelegate.swift in Sources */ = {isa = PBXBuildFile; fileRef = 345FE15D271622DD005D8B05 /* AppDelegate.swift */; };
		345FE160271622DD005D8B05 /* SceneDelegate.swift in Sources */ = {isa = PBXBuildFile; fileRef = 345FE15F271622DD005D8B05 /* SceneDelegate.swift */; };
		345FE162271622DD005D8B05 /* ViewController.swift in Sources */ = {isa = PBXBuildFile; fileRef = 345FE161271622DD005D8B05 /* ViewController.swift */; };
		345FE165271622DD005D8B05 /* Main.storyboard in Resources */ = {isa = PBXBuildFile; fileRef = 345FE163271622DD005D8B05 /* Main.storyboard */; };
		345FE167271622DF005D8B05 /* Assets.xcassets in Resources */ = {isa = PBXBuildFile; fileRef = 345FE166271622DF005D8B05 /* Assets.xcassets */; };
		345FE16A271622DF005D8B05 /* LaunchScreen.storyboard in Resources */ = {isa = PBXBuildFile; fileRef = 345FE168271622DF005D8B05 /* LaunchScreen.storyboard */; };
		345FE175271622DF005D8B05 /* QuesayTests.swift in Sources */ = {isa = PBXBuildFile; fileRef = 345FE174271622DF005D8B05 /* QuesayTests.swift */; };
		345FE17F271622DF005D8B05 /* QuesayUITests.swift in Sources */ = {isa = PBXBuildFile; fileRef = 345FE17E271622DF005D8B05 /* QuesayUITests.swift */; };
		345FE181271622DF005D8B05 /* QuesayUITestsLaunchTests.swift in Sources */ = {isa = PBXBuildFile; fileRef = 345FE180271622DF005D8B05 /* QuesayUITestsLaunchTests.swift */; };
/* End PBXBuildFile section */

/* Begin PBXContainerItemProxy section */
		345FE171271622DF005D8B05 /* PBXContainerItemProxy */ = {
			isa = PBXContainerItemProxy;
			containerPortal = 345FE152271622DD005D8B05 /* Project object */;
			proxyType = 1;
			remoteGlobalIDString = 345FE159271622DD005D8B05;
			remoteInfo = Quesay;
		};
		345FE17B271622DF005D8B05 /* PBXContainerItemProxy */ = {
			isa = PBXContainerItemProxy;
			containerPortal = 345FE152271622DD005D8B05 /* Project object */;
			proxyType = 1;
			remoteGlobalIDString = 345FE159271622DD005D8B05;
			remoteInfo = Quesay;
		};
/* End PBXContainerItemProxy section */

/* Begin PBXFileReference section */
		345FE15A271622DD005D8B05 /* Quesay.app */ = {isa = PBXFileReference; explicitFileType = wrapper.application; includeInIndex = 0; path = Quesay.app; sourceTree = BUILT_PRODUCTS_DIR; };
		345FE15D271622DD005D8B05 /* AppDelegate.swift */ = {isa = PBXFileReference; lastKnownFileType = sourcecode.swift; path = AppDelegate.swift; sourceTree = "<group>"; };
		345FE15F271622DD005D8B05 /* SceneDelegate.swift */ = {isa = PBXFileReference; lastKnownFileType = sourcecode.swift; path = SceneDelegate.swift; sourceTree = "<group>"; };
		345FE161271622DD005D8B05 /* ViewController.swift */ = {isa = PBXFileReference; lastKnownFileType = sourcecode.swift; path = ViewController.swift; sourceTree = "<group>"; };
		345FE164271622DD005D8B05 /* Base */ = {isa = PBXFileReference; lastKnownFileType = file.storyboard; name = Base; path = Base.lproj/Main.storyboard; sourceTree = "<group>"; };
		345FE166271622DF005D8B05 /* Assets.xcassets */ = {isa = PBXFileReference; lastKnownFileType = folder.assetcatalog; path = Assets.xcassets; sourceTree = "<group>"; };
		345FE169271622DF005D8B05 /* Base */ = {isa = PBXFileReference; lastKnownFileType = file.storyboard; name = Base; path = Base.lproj/LaunchScreen.storyboard; sourceTree = "<group>"; };
		345FE16B271622DF005D8B05 /* Info.plist */ = {isa = PBXFileReference; lastKnownFileType = text.plist.xml; path = Info.plist; sourceTree = "<group>"; };
		345FE170271622DF005D8B05 /* QuesayTests.xctest */ = {isa = PBXFileReference; explicitFileType = wrapper.cfbundle; includeInIndex = 0; path = QuesayTests.xctest; sourceTree = BUILT_PRODUCTS_DIR; };
		345FE174271622DF005D8B05 /* QuesayTests.swift */ = {isa = PBXFileReference; lastKnownFileType = sourcecode.swift; path = QuesayTests.swift; sourceTree = "<group>"; };
		345FE17A271622DF005D8B05 /* QuesayUITests.xctest */ = {isa = PBXFileReference; explicitFileType = wrapper.cfbundle; includeInIndex = 0; path = QuesayUITests.xctest; sourceTree = BUILT_PRODUCTS_DIR; };
		345FE17E271622DF005D8B05 /* QuesayUITests.swift */ = {isa = PBXFileReference; lastKnownFileType = sourcecode.swift; path = QuesayUITests.swift; sourceTree = "<group>"; };
		345FE180271622DF005D8B05 /* QuesayUITestsLaunchTests.swift */ = {isa = PBXFileReference; lastKnownFileType = sourcecode.swift; path = QuesayUITestsLaunchTests.swift; sourceTree = "<group>"; };
/* End PBXFileReference section */

/* Begin PBXFrameworksBuildPhase section */
		345FE157271622DD005D8B05 /* Frameworks */ = {
			isa = PBXFrameworksBuildPhase;
			buildActionMask = 2147483647;
			files = (
			);
			runOnlyForDeploymentPostprocessing = 0;
		};
		345FE16D271622DF005D8B05 /* Frameworks */ = {
			isa = PBXFrameworksBuildPhase;
			buildActionMask = 2147483647;
			files = (
			);
			runOnlyForDeploymentPostprocessing = 0;
		};
		345FE177271622DF005D8B05 /* Frameworks */ = {
			isa = PBXFrameworksBuildPhase;
			buildActionMask = 2147483647;
			files = (
			);
			runOnlyForDeploymentPostprocessing = 0;
		};
/* End PBXFrameworksBuildPhase section */

/* Begin PBXGroup section */
		345FE151271622DD005D8B05 = {
			isa = PBXGroup;
			children = (
				345FE15C271622DD005D8B05 /* Quesay */,
				345FE173271622DF005D8B05 /* QuesayTests */,
				345FE17D271622DF005D8B05 /* QuesayUITests */,
				345FE15B271622DD005D8B05 /* Products */,
			);
			sourceTree = "<group>";
		};
		345FE15B271622DD005D8B05 /* Products */ = {
			isa = PBXGroup;
			children = (
				345FE15A271622DD005D8B05 /* Quesay.app */,
				345FE170271622DF005D8B05 /* QuesayTests.xctest */,
				345FE17A271622DF005D8B05 /* QuesayUITests.xctest */,
			);
			name = Products;
			sourceTree = "<group>";
		};
		345FE15C271622DD005D8B05 /* Quesay */ = {
			isa = PBXGroup;
			children = (
				345FE15D271622DD005D8B05 /* AppDelegate.swift */,
				345FE15F271622DD005D8B05 /* SceneDelegate.swift */,
				345FE161271622DD005D8B05 /* ViewController.swift */,
				345FE163271622DD005D8B05 /* Main.storyboard */,
				345FE166271622DF005D8B05 /* Assets.xcassets */,
				345FE168271622DF005D8B05 /* LaunchScreen.storyboard */,
				345FE16B271622DF005D8B05 /* Info.plist */,
			);
			path = Quesay;
			sourceTree = "<group>";
		};
		345FE173271622DF005D8B05 /* QuesayTests */ = {
			isa = PBXGroup;
			children = (
				345FE174271622DF005D8B05 /* QuesayTests.swift */,
			);
			path = QuesayTests;
			sourceTree = "<group>";
		};
		345FE17D271622DF005D8B05 /* QuesayUITests */ = {
			isa = PBXGroup;
			children = (
				345FE17E271622DF005D8B05 /* QuesayUITests.swift */,
				345FE180271622DF005D8B05 /* QuesayUITestsLaunchTests.swift */,
			);
			path = QuesayUITests;
			sourceTree = "<group>";
		};
/* End PBXGroup section */

/* Begin PBXNativeTarget section */
		345FE159271622DD005D8B05 /* Quesay */ = {
			isa = PBXNativeTarget;
			buildConfigurationList = 345FE184271622DF005D8B05 /* Build configuration list for PBXNativeTarget "Quesay" */;
			buildPhases = (
				345FE156271622DD005D8B05 /* Sources */,
				345FE157271622DD005D8B05 /* Frameworks */,
				345FE158271622DD005D8B05 /* Resources */,
			);
			buildRules = (
			);
			dependencies = (
			);
			name = Quesay;
			productName = Quesay;
			productReference = 345FE15A271622DD005D8B05 /* Quesay.app */;
			productType = "com.apple.product-type.application";
		};
		345FE16F271622DF005D8B05 /* QuesayTests */ = {
			isa = PBXNativeTarget;
			buildConfigurationList = 345FE187271622DF005D8B05 /* Build configuration list for PBXNativeTarget "QuesayTests" */;
			buildPhases = (
				345FE16C271622DF005D8B05 /* Sources */,
				345FE16D271622DF005D8B05 /* Frameworks */,
				345FE16E271622DF005D8B05 /* Resources */,
			);
			buildRules = (
			);
			dependencies = (
				345FE172271622DF005D8B05 /* PBXTargetDependency */,
			);
			name = QuesayTests;
			productName = QuesayTests;
			productReference = 345FE170271622DF005D8B05 /* QuesayTests.xctest */;
			productType = "com.apple.product-type.bundle.unit-test";
		};
		345FE179271622DF005D8B05 /* QuesayUITests */ = {
			isa = PBXNativeTarget;
			buildConfigurationList = 345FE18A271622DF005D8B05 /* Build configuration list for PBXNativeTarget "QuesayUITests" */;
			buildPhases = (
				345FE176271622DF005D8B05 /* Sources */,
				345FE177271622DF005D8B05 /* Frameworks */,
				345FE178271622DF005D8B05 /* Resources */,
			);
			buildRules = (
			);
			dependencies = (
				345FE17C271622DF005D8B05 /* PBXTargetDependency */,
			);
			name = QuesayUITests;
			productName = QuesayUITests;
			productReference = 345FE17A271622DF005D8B05 /* QuesayUITests.xctest */;
			productType = "com.apple.product-type.bundle.ui-testing";
		};
/* End PBXNativeTarget section */

/* Begin PBXProject section */
		345FE152271622DD005D8B05 /* Project object */ = {
			isa = PBXProject;
			attributes = {
				BuildIndependentTargetsInParallel = 1;
				LastSwiftUpdateCheck = 1300;
				LastUpgradeCheck = 1300;
				TargetAttributes = {
					345FE159271622DD005D8B05 = {
						CreatedOnToolsVersion = 13.0;
					};
					345FE16F271622DF005D8B05 = {
						CreatedOnToolsVersion = 13.0;
						TestTargetID = 345FE159271622DD005D8B05;
					};
					345FE179271622DF005D8B05 = {
						CreatedOnToolsVersion = 13.0;
						TestTargetID = 345FE159271622DD005D8B05;
					};
				};
			};
			buildConfigurationList = 345FE155271622DD005D8B05 /* Build configuration list for PBXProject "Quesay" */;
			compatibilityVersion = "Xcode 13.0";
			developmentRegion = en;
			hasScannedForEncodings = 0;
			knownRegions = (
				en,
				Base,
			);
			mainGroup = 345FE151271622DD005D8B05;
			productRefGroup = 345FE15B271622DD005D8B05 /* Products */;
			projectDirPath = "";
			projectRoot = "";
			targets = (
				345FE159271622DD005D8B05 /* Quesay */,
				345FE16F271622DF005D8B05 /* QuesayTests */,
				345FE179271622DF005D8B05 /* QuesayUITests */,
			);
		};
/* End PBXProject section */

/* Begin PBXResourcesBuildPhase section */
		345FE158271622DD005D8B05 /* Resources */ = {
			isa = PBXResourcesBuildPhase;
			buildActionMask = 2147483647;
			files = (
				345FE16A271622DF005D8B05 /* LaunchScreen.storyboard in Resources */,
				345FE167271622DF005D8B05 /* Assets.xcassets in Resources */,
				345FE165271622DD005D8B05 /* Main.storyboard in Resources */,
			);
			runOnlyForDeploymentPostprocessing = 0;
		};
		345FE16E271622DF005D8B05 /* Resources */ = {
			isa = PBXResourcesBuildPhase;
			buildActionMask = 2147483647;
			files = (
			);
			runOnlyForDeploymentPostprocessing = 0;
		};
		345FE178271622DF005D8B05 /* Resources */ = {
			isa = PBXResourcesBuildPhase;
			buildActionMask = 2147483647;
			files = (
			);
			runOnlyForDeploymentPostprocessing = 0;
		};
/* End PBXResourcesBuildPhase section */

/* Begin PBXSourcesBuildPhase section */
		345FE156271622DD005D8B05 /* Sources */ = {
			isa = PBXSourcesBuildPhase;
			buildActionMask = 2147483647;
			files = (
				345FE162271622DD005D8B05 /* ViewController.swift in Sources */,
				345FE15E271622DD005D8B05 /* AppDelegate.swift in Sources */,
				345FE160271622DD005D8B05 /* SceneDelegate.swift in Sources */,
			);
			runOnlyForDeploymentPostprocessing = 0;
		};
		345FE16C271622DF005D8B05 /* Sources */ = {
			isa = PBXSourcesBuildPhase;
			buildActionMask = 2147483647;
			files = (
				345FE175271622DF005D8B05 /* QuesayTests.swift in Sources */,
			);
			runOnlyForDeploymentPostprocessing = 0;
		};
		345FE176271622DF005D8B05 /* Sources */ = {
			isa = PBXSourcesBuildPhase;
			buildActionMask = 2147483647;
			files = (
				345FE181271622DF005D8B05 /* QuesayUITestsLaunchTests.swift in Sources */,
				345FE17F271622DF005D8B05 /* QuesayUITests.swift in Sources */,
			);
			runOnlyForDeploymentPostprocessing = 0;
		};
/* End PBXSourcesBuildPhase section */

/* Begin PBXTargetDependency section */
		345FE172271622DF005D8B05 /* PBXTargetDependency */ = {
			isa = PBXTargetDependency;
			target = 345FE159271622DD005D8B05 /* Quesay */;
			targetProxy = 345FE171271622DF005D8B05 /* PBXContainerItemProxy */;
		};
		345FE17C271622DF005D8B05 /* PBXTargetDependency */ = {
			isa = PBXTargetDependency;
			target = 345FE159271622DD005D8B05 /* Quesay */;
			targetProxy = 345FE17B271622DF005D8B05 /* PBXContainerItemProxy */;
		};
/* End PBXTargetDependency section */

/* Begin PBXVariantGroup section */
		345FE163271622DD005D8B05 /* Main.storyboard */ = {
			isa = PBXVariantGroup;
			children = (
				345FE164271622DD005D8B05 /* Base */,
			);
			name = Main.storyboard;
			sourceTree = "<group>";
		};
		345FE168271622DF005D8B05 /* LaunchScreen.storyboard */ = {
			isa = PBXVariantGroup;
			children = (
				345FE169271622DF005D8B05 /* Base */,
			);
			name = LaunchScreen.storyboard;
			sourceTree = "<group>";
		};
/* End PBXVariantGroup section */

/* Begin XCBuildConfiguration section */
		345FE182271622DF005D8B05 /* Debug */ = {
			isa = XCBuildConfiguration;
			buildSettings = {
				ALWAYS_SEARCH_USER_PATHS = NO;
				CLANG_ANALYZER_NONNULL = YES;
				CLANG_ANALYZER_NUMBER_OBJECT_CONVERSION = YES_AGGRESSIVE;
				CLANG_CXX_LANGUAGE_STANDARD = "gnu++17";
				CLANG_CXX_LIBRARY = "libc++";
				CLANG_ENABLE_MODULES = YES;
				CLANG_ENABLE_OBJC_ARC = YES;
				CLANG_ENABLE_OBJC_WEAK = YES;
				CLANG_WARN_BLOCK_CAPTURE_AUTORELEASING = YES;
				CLANG_WARN_BOOL_CONVERSION = YES;
				CLANG_WARN_COMMA = YES;
				CLANG_WARN_CONSTANT_CONVERSION = YES;
				CLANG_WARN_DEPRECATED_OBJC_IMPLEMENTATIONS = YES;
				CLANG_WARN_DIRECT_OBJC_ISA_USAGE = YES_ERROR;
				CLANG_WARN_DOCUMENTATION_COMMENTS = YES;
				CLANG_WARN_EMPTY_BODY = YES;
				CLANG_WARN_ENUM_CONVERSION = YES;
				CLANG_WARN_INFINITE_RECURSION = YES;
				CLANG_WARN_INT_CONVERSION = YES;
				CLANG_WARN_NON_LITERAL_NULL_CONVERSION = YES;
				CLANG_WARN_OBJC_IMPLICIT_RETAIN_SELF = YES;
				CLANG_WARN_OBJC_LITERAL_CONVERSION = YES;
				CLANG_WARN_OBJC_ROOT_CLASS = YES_ERROR;
				CLANG_WARN_QUOTED_INCLUDE_IN_FRAMEWORK_HEADER = YES;
				CLANG_WARN_RANGE_LOOP_ANALYSIS = YES;
				CLANG_WARN_STRICT_PROTOTYPES = YES;
				CLANG_WARN_SUSPICIOUS_MOVE = YES;
				CLANG_WARN_UNGUARDED_AVAILABILITY = YES_AGGRESSIVE;
				CLANG_WARN_UNREACHABLE_CODE = YES;
				CLANG_WARN__DUPLICATE_METHOD_MATCH = YES;
				COPY_PHASE_STRIP = NO;
				DEBUG_INFORMATION_FORMAT = dwarf;
				ENABLE_STRICT_OBJC_MSGSEND = YES;
				ENABLE_TESTABILITY = YES;
				GCC_C_LANGUAGE_STANDARD = gnu11;
				GCC_DYNAMIC_NO_PIC = NO;
				GCC_NO_COMMON_BLOCKS = YES;
				GCC_OPTIMIZATION_LEVEL = 0;
				GCC_PREPROCESSOR_DEFINITIONS = (
					"DEBUG=1",
					"$(inherited)",
				);
				GCC_WARN_64_TO_32_BIT_CONVERSION = YES;
				GCC_WARN_ABOUT_RETURN_TYPE = YES_ERROR;
				GCC_WARN_UNDECLARED_SELECTOR = YES;
				GCC_WARN_UNINITIALIZED_AUTOS = YES_AGGRESSIVE;
				GCC_WARN_UNUSED_FUNCTION = YES;
				GCC_WARN_UNUSED_VARIABLE = YES;
				IPHONEOS_DEPLOYMENT_TARGET = 15.0;
				MTL_ENABLE_DEBUG_INFO = INCLUDE_SOURCE;
				MTL_FAST_MATH = YES;
				ONLY_ACTIVE_ARCH = YES;
				SDKROOT = iphoneos;
				SWIFT_ACTIVE_COMPILATION_CONDITIONS = DEBUG;
				SWIFT_OPTIMIZATION_LEVEL = "-Onone";
			};
			name = Debug;
		};
		345FE183271622DF005D8B05 /* Release */ = {
			isa = XCBuildConfiguration;
			buildSettings = {
				ALWAYS_SEARCH_USER_PATHS = NO;
				CLANG_ANALYZER_NONNULL = YES;
				CLANG_ANALYZER_NUMBER_OBJECT_CONVERSION = YES_AGGRESSIVE;
				CLANG_CXX_LANGUAGE_STANDARD = "gnu++17";
				CLANG_CXX_LIBRARY = "libc++";
				CLANG_ENABLE_MODULES = YES;
				CLANG_ENABLE_OBJC_ARC = YES;
				CLANG_ENABLE_OBJC_WEAK = YES;
				CLANG_WARN_BLOCK_CAPTURE_AUTORELEASING = YES;
				CLANG_WARN_BOOL_CONVERSION = YES;
				CLANG_WARN_COMMA = YES;
				CLANG_WARN_CONSTANT_CONVERSION = YES;
				CLANG_WARN_DEPRECATED_OBJC_IMPLEMENTATIONS = YES;
				CLANG_WARN_DIRECT_OBJC_ISA_USAGE = YES_ERROR;
				CLANG_WARN_DOCUMENTATION_COMMENTS = YES;
				CLANG_WARN_EMPTY_BODY = YES;
				CLANG_WARN_ENUM_CONVERSION = YES;
				CLANG_WARN_INFINITE_RECURSION = YES;
				CLANG_WARN_INT_CONVERSION = YES;
				CLANG_WARN_NON_LITERAL_NULL_CONVERSION = YES;
				CLANG_WARN_OBJC_IMPLICIT_RETAIN_SELF = YES;
				CLANG_WARN_OBJC_LITERAL_CONVERSION = YES;
				CLANG_WARN_OBJC_ROOT_CLASS = YES_ERROR;
				CLANG_WARN_QUOTED_INCLUDE_IN_FRAMEWORK_HEADER = YES;
				CLANG_WARN_RANGE_LOOP_ANALYSIS = YES;
				CLANG_WARN_STRICT_PROTOTYPES = YES;
				CLANG_WARN_SUSPICIOUS_MOVE = YES;
				CLANG_WARN_UNGUARDED_AVAILABILITY = YES_AGGRESSIVE;
				CLANG_WARN_UNREACHABLE_CODE = YES;
				CLANG_WARN__DUPLICATE_METHOD_MATCH = YES;
				COPY_PHASE_STRIP = NO;
				DEBUG_INFORMATION_FORMAT = "dwarf-with-dsym";
				ENABLE_NS_ASSERTIONS = NO;
				ENABLE_STRICT_OBJC_MSGSEND = YES;
				GCC_C_LANGUAGE_STANDARD = gnu11;
				GCC_NO_COMMON_BLOCKS = YES;
				GCC_WARN_64_TO_32_BIT_CONVERSION = YES;
				GCC_WARN_ABOUT_RETURN_TYPE = YES_ERROR;
				GCC_WARN_UNDECLARED_SELECTOR = YES;
				GCC_WARN_UNINITIALIZED_AUTOS = YES_AGGRESSIVE;
				GCC_WARN_UNUSED_FUNCTION = YES;
				GCC_WARN_UNUSED_VARIABLE = YES;
				IPHONEOS_DEPLOYMENT_TARGET = 15.0;
				MTL_ENABLE_DEBUG_INFO = NO;
				MTL_FAST_MATH = YES;
				SDKROOT = iphoneos;
				SWIFT_COMPILATION_MODE = wholemodule;
				SWIFT_OPTIMIZATION_LEVEL = "-O";
				VALIDATE_PRODUCT = YES;
			};
			name = Release;
		};
		345FE185271622DF005D8B05 /* Debug */ = {
			isa = XCBuildConfiguration;
			buildSettings = {
				ASSETCATALOG_COMPILER_APPICON_NAME = AppIcon;
				ASSETCATALOG_COMPILER_GLOBAL_ACCENT_COLOR_NAME = AccentColor;
				CODE_SIGN_STYLE = Automatic;
				CURRENT_PROJECT_VERSION = 1;
				GENERATE_INFOPLIST_FILE = YES;
				INFOPLIST_FILE = Quesay/Info.plist;
				INFOPLIST_KEY_UIApplicationSupportsIndirectInputEvents = YES;
				INFOPLIST_KEY_UILaunchStoryboardName = LaunchScreen;
				INFOPLIST_KEY_UIMainStoryboardFile = Main;
				INFOPLIST_KEY_UISupportedInterfaceOrientations_iPad = "UIInterfaceOrientationPortrait UIInterfaceOrientationPortraitUpsideDown UIInterfaceOrientationLandscapeLeft UIInterfaceOrientationLandscapeRight";
				INFOPLIST_KEY_UISupportedInterfaceOrientations_iPhone = "UIInterfaceOrientationPortrait UIInterfaceOrientationLandscapeLeft UIInterfaceOrientationLandscapeRight";
				LD_RUNPATH_SEARCH_PATHS = (
					"$(inherited)",
					"@executable_path/Frameworks",
				);
				MARKETING_VERSION = 1.0;
				PRODUCT_BUNDLE_IDENTIFIER = com.app.Quesay;
				PRODUCT_NAME = "$(TARGET_NAME)";
				SWIFT_EMIT_LOC_STRINGS = YES;
				SWIFT_VERSION = 5.0;
				TARGETED_DEVICE_FAMILY = "1,2";
			};
			name = Debug;
		};
		345FE186271622DF005D8B05 /* Release */ = {
			isa = XCBuildConfiguration;
			buildSettings = {
				ASSETCATALOG_COMPILER_APPICON_NAME = AppIcon;
				ASSETCATALOG_COMPILER_GLOBAL_ACCENT_COLOR_NAME = AccentColor;
				CODE_SIGN_STYLE = Automatic;
				CURRENT_PROJECT_VERSION = 1;
				GENERATE_INFOPLIST_FILE = YES;
				INFOPLIST_FILE = Quesay/Info.plist;
				INFOPLIST_KEY_UIApplicationSupportsIndirectInputEvents = YES;
				INFOPLIST_KEY_UILaunchStoryboardName = LaunchScreen;
				INFOPLIST_KEY_UIMainStoryboardFile = Main;
				INFOPLIST_KEY_UISupportedInterfaceOrientations_iPad = "UIInterfaceOrientationPortrait UIInterfaceOrientationPortraitUpsideDown UIInterfaceOrientationLandscapeLeft UIInterfaceOrientationLandscapeRight";
				INFOPLIST_KEY_UISupportedInterfaceOrientations_iPhone = "UIInterfaceOrientationPortrait UIInterfaceOrientationLandscapeLeft UIInterfaceOrientationLandscapeRight";
				LD_RUNPATH_SEARCH_PATHS = (
					"$(inherited)",
					"@executable_path/Frameworks",
				);
				MARKETING_VERSION = 1.0;
				PRODUCT_BUNDLE_IDENTIFIER = com.app.Quesay;
				PRODUCT_NAME = "$(TARGET_NAME)";
				SWIFT_EMIT_LOC_STRINGS = YES;
				SWIFT_VERSION = 5.0;
				TARGETED_DEVICE_FAMILY = "1,2";
			};
			name = Release;
		};
		345FE188271622DF005D8B05 /* Debug */ = {
			isa = XCBuildConfiguration;
			buildSettings = {
				ALWAYS_EMBED_SWIFT_STANDARD_LIBRARIES = YES;
				BUNDLE_LOADER = "$(TEST_HOST)";
				CODE_SIGN_STYLE = Automatic;
				CURRENT_PROJECT_VERSION = 1;
				GENERATE_INFOPLIST_FILE = YES;
				IPHONEOS_DEPLOYMENT_TARGET = 15.0;
				LD_RUNPATH_SEARCH_PATHS = (
					"$(inherited)",
					"@executable_path/Frameworks",
					"@loader_path/Frameworks",
				);
				MARKETING_VERSION = 1.0;
				PRODUCT_BUNDLE_IDENTIFIER = com.app.QuesayTests;
				PRODUCT_NAME = "$(TARGET_NAME)";
				SWIFT_EMIT_LOC_STRINGS = NO;
				SWIFT_VERSION = 5.0;
				TARGETED_DEVICE_FAMILY = "1,2";
				TEST_HOST = "$(BUILT_PRODUCTS_DIR)/Quesay.app/Quesay";
			};
			name = Debug;
		};
		345FE189271622DF005D8B05 /* Release */ = {
			isa = XCBuildConfiguration;
			buildSettings = {
				ALWAYS_EMBED_SWIFT_STANDARD_LIBRARIES = YES;
				BUNDLE_LOADER = "$(TEST_HOST)";
				CODE_SIGN_STYLE = Automatic;
				CURRENT_PROJECT_VERSION = 1;
				GENERATE_INFOPLIST_FILE = YES;
				IPHONEOS_DEPLOYMENT_TARGET = 15.0;
				LD_RUNPATH_SEARCH_PATHS = (
					"$(inherited)",
					"@executable_path/Frameworks",
					"@loader_path/Frameworks",
				);
				MARKETING_VERSION = 1.0;
				PRODUCT_BUNDLE_IDENTIFIER = com.app.QuesayTests;
				PRODUCT_NAME = "$(TARGET_NAME)";
				SWIFT_EMIT_LOC_STRINGS = NO;
				SWIFT_VERSION = 5.0;
				TARGETED_DEVICE_FAMILY = "1,2";
				TEST_HOST = "$(BUILT_PRODUCTS_DIR)/Quesay.app/Quesay";
			};
			name = Release;
		};
		345FE18B271622DF005D8B05 /* Debug */ = {
			isa = XCBuildConfiguration;
			buildSettings = {
				ALWAYS_EMBED_SWIFT_STANDARD_LIBRARIES = YES;
				CODE_SIGN_STYLE = Automatic;
				CURRENT_PROJECT_VERSION = 1;
				GENERATE_INFOPLIST_FILE = YES;
				LD_RUNPATH_SEARCH_PATHS = (
					"$(inherited)",
					"@executable_path/Frameworks",
					"@loader_path/Frameworks",
				);
				MARKETING_VERSION = 1.0;
				PRODUCT_BUNDLE_IDENTIFIER = com.app.QuesayUITests;
				PRODUCT_NAME = "$(TARGET_NAME)";
				SWIFT_EMIT_LOC_STRINGS = NO;
				SWIFT_VERSION = 5.0;
				TARGETED_DEVICE_FAMILY = "1,2";
				TEST_TARGET_NAME = Quesay;
			};
			name = Debug;
		};
		345FE18C271622DF005D8B05 /* Release */ = {
			isa = XCBuildConfiguration;
			buildSettings = {
				ALWAYS_EMBED_SWIFT_STANDARD_LIBRARIES = YES;
				CODE_SIGN_STYLE = Automatic;
				CURRENT_PROJECT_VERSION = 1;
				GENERATE_INFOPLIST_FILE = YES;
				LD_RUNPATH_SEARCH_PATHS = (
					"$(inherited)",
					"@executable_path/Frameworks",
					"@loader_path/Frameworks",
				);
				MARKETING_VERSION = 1.0;
				PRODUCT_BUNDLE_IDENTIFIER = com.app.QuesayUITests;
				PRODUCT_NAME = "$(TARGET_NAME)";
				SWIFT_EMIT_LOC_STRINGS = NO;
				SWIFT_VERSION = 5.0;
				TARGETED_DEVICE_FAMILY = "1,2";
				TEST_TARGET_NAME = Quesay;
			};
			name = Release;
		};
/* End XCBuildConfiguration section */

/* Begin XCConfigurationList section */
		345FE155271622DD005D8B05 /* Build configuration list for PBXProject "Quesay" */ = {
			isa = XCConfigurationList;
			buildConfigurations = (
				345FE182271622DF005D8B05 /* Debug */,
				345FE183271622DF005D8B05 /* Release */,
			);
			defaultConfigurationIsVisible = 0;
			defaultConfigurationName = Release;
		};
		345FE184271622DF005D8B05 /* Build configuration list for PBXNativeTarget "Quesay" */ = {
			isa = XCConfigurationList;
			buildConfigurations = (
				345FE185271622DF005D8B05 /* Debug */,
				345FE186271622DF005D8B05 /* Release */,
			);
			defaultConfigurationIsVisible = 0;
			defaultConfigurationName = Release;
		};
		345FE187271622DF005D8B05 /* Build configuration list for PBXNativeTarget "QuesayTests" */ = {
			isa = XCConfigurationList;
			buildConfigurations = (
				345FE188271622DF005D8B05 /* Debug */,
				345FE189271622DF005D8B05 /* Release */,
			);
			defaultConfigurationIsVisible = 0;
			defaultConfigurationName = Release;
		};
		345FE18A271622DF005D8B05 /* Build configuration list for PBXNativeTarget "QuesayUITests" */ = {
			isa = XCConfigurationList;
			buildConfigurations = (
				345FE18B271622DF005D8B05 /* Debug */,
				345FE18C271622DF005D8B05 /* Release */,
			);
			defaultConfigurationIsVisible = 0;
			defaultConfigurationName = Release;
		};
/* End XCConfigurationList section */
	};
	rootObject = 345FE152271622DD005D8B05 /* Project object */;
}
